
Microsoft Visual Studio Solution File, Format Version 12.00
# Visual Studio 15
VisualStudioVersion = 15.0.28010.2003
MinimumVisualStudioVersion = 10.0.40219.1
Project("{FAE04EC0-301F-11D3-BF4B-00C04F79EFBC}") = "DuplexService", "DuplexService\DuplexService.csproj", "{15FAE03F-DE44-4CAC-97E3-91CE390F0CC5}"
EndProject
Project("{FAE04EC0-301F-11D3-BF4B-00C04F79EFBC}") = "Contracts", "Contracts\Contracts.csproj", "{78012D99-BD56-4D34-A72B-2198BCE1DB25}"
EndProject
Project("{FAE04EC0-301F-11D3-BF4B-00C04F79EFBC}") = "DuplexClient", "DuplexClient\DuplexClient.csproj", "{8DFED799-F3F9-4475-AE5D-5468D7D085D0}"
EndProject
Global
	GlobalSection(SolutionConfigurationPlatforms) = preSolution
		Debug|Any CPU = Debug|Any CPU
		Release|Any CPU = Release|Any CPU
	EndGlobalSection
	GlobalSection(ProjectConfigurationPlatforms) = postSolution
		{15FAE03F-DE44-4CAC-97E3-91CE390F0CC5}.Debug|Any CPU.ActiveCfg = Debug|Any CPU
		{15FAE03F-DE44-4CAC-97E3-91CE390F0CC5}.Debug|Any CPU.Build.0 = Debug|Any CPU
		{15FAE03F-DE44-4CAC-97E3-91CE390F0CC5}.Release|Any CPU.ActiveCfg = Release|Any CPU
		{15FAE03F-DE44-4CAC-97E3-91CE390F0CC5}.Release|Any CPU.Build.0 = Release|Any CPU
		{78012D99-BD56-4D34-A72B-2198BCE1DB25}.Debug|Any CPU.ActiveCfg = Debug|Any CPU
		{78012D99-BD56-4D34-A72B-2198BCE1DB25}.Debug|Any CPU.Build.0 = Debug|Any CPU
		{78012D99-BD56-4D34-A72B-2198BCE1DB25}.Release|Any CPU.ActiveCfg = Release|Any CPU
		{78012D99-BD56-4D34-A72B-2198BCE1DB25}.Release|Any CPU.Build.0 = Release|Any CPU
		{8DFED799-F3F9-4475-AE5D-5468D7D085D0}.Debug|Any CPU.ActiveCfg = Debug|Any CPU
		{8DFED799-F3F9-4475-AE5D-5468D7D085D0}.Debug|Any CPU.Build.0 = Debug|Any CPU
		{8DFED799-F3F9-4475-AE5D-5468D7D085D0}.Release|Any CPU.ActiveCfg = Release|Any CPU
		{8DFED799-F3F9-4475-AE5D-5468D7D085D0}.Release|Any CPU.Build.0 = Release|Any CPU
	EndGlobalSection
	GlobalSection(SolutionProperties) = preSolution
		HideSolutionNode = FALSE
	EndGlobalSection
	GlobalSection(ExtensibilityGlobals) = postSolution
		SolutionGuid = {FC5807C1-44E9-4335-92A9-1252C7F7D2C3}
	EndGlobalSection
EndGlobal
